
Microsoft Visual Studio Solution File, Format Version 12.00
# Visual Studio Version 17
VisualStudioVersion = 17.2.32616.157
MinimumVisualStudioVersion = 10.0.40219.1
Project("{FAE04EC0-301F-11D3-BF4B-00C04F79EFBC}") = "CoffeShopp", "CoffeShopp\CoffeShopp.csproj", "{1784DCEC-6BA9-4602-A0BD-B4BCEF9F02FF}"
EndProject
Global
	GlobalSection(SolutionConfigurationPlatforms) = preSolution
		Debug|Any CPU = Debug|Any CPU
		Release|Any CPU = Release|Any CPU
	EndGlobalSection
	GlobalSection(ProjectConfigurationPlatforms) = postSolution
		{1784DCEC-6BA9-4602-A0BD-B4BCEF9F02FF}.Debug|Any CPU.ActiveCfg = Debug|Any CPU
		{1784DCEC-6BA9-4602-A0BD-B4BCEF9F02FF}.Debug|Any CPU.Build.0 = Debug|Any CPU
		{1784DCEC-6BA9-4602-A0BD-B4BCEF9F02FF}.Release|Any CPU.ActiveCfg = Release|Any CPU
		{1784DCEC-6BA9-4602-A0BD-B4BCEF9F02FF}.Release|Any CPU.Build.0 = Release|Any CPU
	EndGlobalSection
	GlobalSection(SolutionProperties) = preSolution
		HideSolutionNode = FALSE
	EndGlobalSection
	GlobalSection(ExtensibilityGlobals) = postSolution
		SolutionGuid = {65BCF095-291B-4D2F-B87F-A4CFC751E34E}
	EndGlobalSection
EndGlobal
